
Microsoft Visual Studio Solution File, Format Version 12.00
# Visual Studio Version 18
VisualStudioVersion = 18.3.11312.210 d18.3
MinimumVisualStudioVersion = 10.0.40219.1
Project("{9A19103F-16F7-4668-BE54-9A1E7A4F7556}") = "GameMechanics", "GameMechanics\GameMechanics.csproj", "{14221EAC-2889-425A-9C8C-2E240E72FE66}"
EndProject
Project("{9A19103F-16F7-4668-BE54-9A1E7A4F7556}") = "Threa.Dal", "Threa.Dal\Threa.Dal.csproj", "{E59AA6EB-44F4-49D1-8D60-842EF4C02F7F}"
EndProject
Project("{9A19103F-16F7-4668-BE54-9A1E7A4F7556}") = "Threa.Dal.MockDb", "Threa.Dal.MockDb\Threa.Dal.MockDb.csproj", "{AE860E62-2473-47BD-A9EE-0421DC0B5CB3}"
EndProject
Project("{9A19103F-16F7-4668-BE54-9A1E7A4F7556}") = "GameMechanics.Test", "GameMechanics.Test\GameMechanics.Test.csproj", "{E3725288-3FAB-4A8B-B592-868B0AF8CD4B}"
EndProject
Project("{2150E333-8FDC-42A3-9474-1A3956D46DE8}") = "Solution Items", "Solution Items", "{8721FFF8-E211-450E-9FAE-F34C45052D62}"
EndProject
Project("{FAE04EC0-301F-11D3-BF4B-00C04F79EFBC}") = "Threa.Dal.Sqlite", "Threa.Dal.SqlLite\Threa.Dal.Sqlite.csproj", "{14E0B279-8025-4E9C-8CAB-85AEE5F8E5DA}"
EndProject
Project("{FAE04EC0-301F-11D3-BF4B-00C04F79EFBC}") = "Threa", "Threa\Threa\Threa.csproj", "{9C382712-EA0F-FE2C-C4BA-B4EC70BFD3DA}"
EndProject
Project("{FAE04EC0-301F-11D3-BF4B-00C04F79EFBC}") = "Threa.Client", "Threa\Threa.Client\Threa.Client.csproj", "{9A116E92-3704-4AA0-0ECD-B0BD3321E19F}"
EndProject
Project("{2150E333-8FDC-42A3-9474-1A3956D46DE8}") = "design", "design", "{E3C80421-6C1D-4973-AE1A-7FDA6495B782}"
	ProjectSection(SolutionItems) = preProject
		design\readme.md = design\readme.md
	EndProjectSection
EndProject
Project("{FAE04EC0-301F-11D3-BF4B-00C04F79EFBC}") = "GameMechanics.Messaging.RabbitMQ", "GameMechanics.Messaging.RabbitMQ\GameMechanics.Messaging.RabbitMQ.csproj", "{9B4F9413-233B-440E-BF23-841DE363519E}"
EndProject
Global
	GlobalSection(SolutionConfigurationPlatforms) = preSolution
		Debug|Any CPU = Debug|Any CPU
		Release|Any CPU = Release|Any CPU
	EndGlobalSection
	GlobalSection(ProjectConfigurationPlatforms) = postSolution
		{14221EAC-2889-425A-9C8C-2E240E72FE66}.Debug|Any CPU.ActiveCfg = Debug|Any CPU
		{14221EAC-2889-425A-9C8C-2E240E72FE66}.Debug|Any CPU.Build.0 = Debug|Any CPU
		{14221EAC-2889-425A-9C8C-2E240E72FE66}.Release|Any CPU.ActiveCfg = Release|Any CPU
		{14221EAC-2889-425A-9C8C-2E240E72FE66}.Release|Any CPU.Build.0 = Release|Any CPU
		{E59AA6EB-44F4-49D1-8D60-842EF4C02F7F}.Debug|Any CPU.ActiveCfg = Debug|Any CPU
		{E59AA6EB-44F4-49D1-8D60-842EF4C02F7F}.Debug|Any CPU.Build.0 = Debug|Any CPU
		{E59AA6EB-44F4-49D1-8D60-842EF4C02F7F}.Release|Any CPU.ActiveCfg = Release|Any CPU
		{E59AA6EB-44F4-49D1-8D60-842EF4C02F7F}.Release|Any CPU.Build.0 = Release|Any CPU
		{AE860E62-2473-47BD-A9EE-0421DC0B5CB3}.Debug|Any CPU.ActiveCfg = Debug|Any CPU
		{AE860E62-2473-47BD-A9EE-0421DC0B5CB3}.Debug|Any CPU.Build.0 = Debug|Any CPU
		{AE860E62-2473-47BD-A9EE-0421DC0B5CB3}.Release|Any CPU.ActiveCfg = Release|Any CPU
		{AE860E62-2473-47BD-A9EE-0421DC0B5CB3}.Release|Any CPU.Build.0 = Release|Any CPU
		{E3725288-3FAB-4A8B-B592-868B0AF8CD4B}.Debug|Any CPU.ActiveCfg = Debug|Any CPU
		{E3725288-3FAB-4A8B-B592-868B0AF8CD4B}.Debug|Any CPU.Build.0 = Debug|Any CPU
		{E3725288-3FAB-4A8B-B592-868B0AF8CD4B}.Release|Any CPU.ActiveCfg = Release|Any CPU
		{E3725288-3FAB-4A8B-B592-868B0AF8CD4B}.Release|Any CPU.Build.0 = Release|Any CPU
		{14E0B279-8025-4E9C-8CAB-85AEE5F8E5DA}.Debug|Any CPU.ActiveCfg = Debug|Any CPU
		{14E0B279-8025-4E9C-8CAB-85AEE5F8E5DA}.Debug|Any CPU.Build.0 = Debug|Any CPU
		{14E0B279-8025-4E9C-8CAB-85AEE5F8E5DA}.Release|Any CPU.ActiveCfg = Release|Any CPU
		{14E0B279-8025-4E9C-8CAB-85AEE5F8E5DA}.Release|Any CPU.Build.0 = Release|Any CPU
		{9C382712-EA0F-FE2C-C4BA-B4EC70BFD3DA}.Debug|Any CPU.ActiveCfg = Debug|Any CPU
		{9C382712-EA0F-FE2C-C4BA-B4EC70BFD3DA}.Debug|Any CPU.Build.0 = Debug|Any CPU
		{9C382712-EA0F-FE2C-C4BA-B4EC70BFD3DA}.Release|Any CPU.ActiveCfg = Release|Any CPU
		{9C382712-EA0F-FE2C-C4BA-B4EC70BFD3DA}.Release|Any CPU.Build.0 = Release|Any CPU
		{9A116E92-3704-4AA0-0ECD-B0BD3321E19F}.Debug|Any CPU.ActiveCfg = Debug|Any CPU
		{9A116E92-3704-4AA0-0ECD-B0BD3321E19F}.Debug|Any CPU.Build.0 = Debug|Any CPU
		{9A116E92-3704-4AA0-0ECD-B0BD3321E19F}.Release|Any CPU.ActiveCfg = Release|Any CPU
		{9A116E92-3704-4AA0-0ECD-B0BD3321E19F}.Release|Any CPU.Build.0 = Release|Any CPU
		{9B4F9413-233B-440E-BF23-841DE363519E}.Debug|Any CPU.ActiveCfg = Debug|Any CPU
		{9B4F9413-233B-440E-BF23-841DE363519E}.Debug|Any CPU.Build.0 = Debug|Any CPU
		{9B4F9413-233B-440E-BF23-841DE363519E}.Release|Any CPU.ActiveCfg = Release|Any CPU
		{9B4F9413-233B-440E-BF23-841DE363519E}.Release|Any CPU.Build.0 = Release|Any CPU
	EndGlobalSection
	GlobalSection(SolutionProperties) = preSolution
		HideSolutionNode = FALSE
	EndGlobalSection
	GlobalSection(NestedProjects) = preSolution
		{E3C80421-6C1D-4973-AE1A-7FDA6495B782} = {8721FFF8-E211-450E-9FAE-F34C45052D62}
	EndGlobalSection
	GlobalSection(ExtensibilityGlobals) = postSolution
		SolutionGuid = {F12C68E6-826C-4402-8519-FE1C9E21F347}
	EndGlobalSection
EndGlobal
